
Microsoft Visual Studio Solution File, Format Version 12.00
# Visual Studio Version 17
VisualStudioVersion = 17.0.32014.148
MinimumVisualStudioVersion = 10.0.40219.1
Project("{FAE04EC0-301F-11D3-BF4B-00C04F79EFBC}") = "word-password-generator", "word-password-generator.csproj", "{9EC33AF1-B83B-462A-8B92-F82467A3BD58}"
EndProject
Global
	GlobalSection(SolutionConfigurationPlatforms) = preSolution
		Debug|Any CPU = Debug|Any CPU
		Release|Any CPU = Release|Any CPU
	EndGlobalSection
	GlobalSection(ProjectConfigurationPlatforms) = postSolution
		{9EC33AF1-B83B-462A-8B92-F82467A3BD58}.Debug|Any CPU.ActiveCfg = Debug|Any CPU
		{9EC33AF1-B83B-462A-8B92-F82467A3BD58}.Debug|Any CPU.Build.0 = Debug|Any CPU
		{9EC33AF1-B83B-462A-8B92-F82467A3BD58}.Release|Any CPU.ActiveCfg = Release|Any CPU
		{9EC33AF1-B83B-462A-8B92-F82467A3BD58}.Release|Any CPU.Build.0 = Release|Any CPU
	EndGlobalSection
	GlobalSection(SolutionProperties) = preSolution
		HideSolutionNode = FALSE
	EndGlobalSection
	GlobalSection(ExtensibilityGlobals) = postSolution
		SolutionGuid = {3B79A077-D5EC-4040-BC1A-FADD1F4EBC29}
	EndGlobalSection
EndGlobal
